
Microsoft Visual Studio Solution File, Format Version 12.00
# Visual Studio Version 17
VisualStudioVersion = 17.7.34009.444
MinimumVisualStudioVersion = 10.0.40219.1
Project("{FAE04EC0-301F-11D3-BF4B-00C04F79EFBC}") = "IPBVC_Backend", "IPBVC_Backend\IPBVC_Backend.csproj", "{AF9C077E-D32C-4C33-A1F5-FEC44E11E4B6}"
EndProject
Project("{FAE04EC0-301F-11D3-BF4B-00C04F79EFBC}") = "IPBVC_Backend.Domain", "IPBVC_Backend.Domain\IPBVC_Backend.Domain.csproj", "{AEE16BFB-E1B9-4541-8DC4-6CED81CF6811}"
EndProject
Project("{FAE04EC0-301F-11D3-BF4B-00C04F79EFBC}") = "IPBVC_Backend.Services", "IPBVC_Backend.Services\IPBVC_Backend.Services.csproj", "{DD4DAA4F-F61E-4A24-AAA3-8D023A717209}"
EndProject
Global
	GlobalSection(SolutionConfigurationPlatforms) = preSolution
		Debug|Any CPU = Debug|Any CPU
		Release|Any CPU = Release|Any CPU
	EndGlobalSection
	GlobalSection(ProjectConfigurationPlatforms) = postSolution
		{AF9C077E-D32C-4C33-A1F5-FEC44E11E4B6}.Debug|Any CPU.ActiveCfg = Debug|Any CPU
		{AF9C077E-D32C-4C33-A1F5-FEC44E11E4B6}.Debug|Any CPU.Build.0 = Debug|Any CPU
		{AF9C077E-D32C-4C33-A1F5-FEC44E11E4B6}.Release|Any CPU.ActiveCfg = Release|Any CPU
		{AF9C077E-D32C-4C33-A1F5-FEC44E11E4B6}.Release|Any CPU.Build.0 = Release|Any CPU
		{AEE16BFB-E1B9-4541-8DC4-6CED81CF6811}.Debug|Any CPU.ActiveCfg = Debug|Any CPU
		{AEE16BFB-E1B9-4541-8DC4-6CED81CF6811}.Debug|Any CPU.Build.0 = Debug|Any CPU
		{AEE16BFB-E1B9-4541-8DC4-6CED81CF6811}.Release|Any CPU.ActiveCfg = Release|Any CPU
		{AEE16BFB-E1B9-4541-8DC4-6CED81CF6811}.Release|Any CPU.Build.0 = Release|Any CPU
		{DD4DAA4F-F61E-4A24-AAA3-8D023A717209}.Debug|Any CPU.ActiveCfg = Debug|Any CPU
		{DD4DAA4F-F61E-4A24-AAA3-8D023A717209}.Debug|Any CPU.Build.0 = Debug|Any CPU
		{DD4DAA4F-F61E-4A24-AAA3-8D023A717209}.Release|Any CPU.ActiveCfg = Release|Any CPU
		{DD4DAA4F-F61E-4A24-AAA3-8D023A717209}.Release|Any CPU.Build.0 = Release|Any CPU
	EndGlobalSection
	GlobalSection(SolutionProperties) = preSolution
		HideSolutionNode = FALSE
	EndGlobalSection
	GlobalSection(ExtensibilityGlobals) = postSolution
		SolutionGuid = {206BAF88-F587-40D2-987F-6F70555C06CE}
	EndGlobalSection
EndGlobal
